// !$*UTF8*$!
{
	archiveVersion = 1;
	classes = {
	};
	objectVersion = 46;
	objects = {

/* Begin PBXBuildFile section */
		D51556B81ACC21A400780618 /* screenflow01.gif in Resources */ = {isa = PBXBuildFile; fileRef = D51556B71ACC21A400780618 /* screenflow01.gif */; };
		D51C80681AC6B09D00A1F3A1 /* schedule.plist in Resources */ = {isa = PBXBuildFile; fileRef = D51C80671AC6B09D00A1F3A1 /* schedule.plist */; };
		D51C806E1AC6BC3800A1F3A1 /* 640x1136ss-80.png in Resources */ = {isa = PBXBuildFile; fileRef = D51C806D1AC6BC3800A1F3A1 /* 640x1136ss-80.png */; };
		D569E7921AC5869F003ED57B /* main.m in Sources */ = {isa = PBXBuildFile; fileRef = D569E7911AC5869F003ED57B /* main.m */; };
		D569E7951AC5869F003ED57B /* AppDelegate.m in Sources */ = {isa = PBXBuildFile; fileRef = D569E7941AC5869F003ED57B /* AppDelegate.m */; };
		D569E7981AC5869F003ED57B /* ViewController.m in Sources */ = {isa = PBXBuildFile; fileRef = D569E7971AC5869F003ED57B /* ViewController.m */; };
		D569E79B1AC5869F003ED57B /* Main.storyboard in Resources */ = {isa = PBXBuildFile; fileRef = D569E7991AC5869F003ED57B /* Main.storyboard */; };
		D569E79D1AC5869F003ED57B /* Images.xcassets in Resources */ = {isa = PBXBuildFile; fileRef = D569E79C1AC5869F003ED57B /* Images.xcassets */; };
		D569E7A01AC5869F003ED57B /* LaunchScreen.xib in Resources */ = {isa = PBXBuildFile; fileRef = D569E79E1AC5869F003ED57B /* LaunchScreen.xib */; };
		D569E7AC1AC5869F003ED57B /* PageScroll_DemoTests.m in Sources */ = {isa = PBXBuildFile; fileRef = D569E7AB1AC5869F003ED57B /* PageScroll_DemoTests.m */; };
		D569E7B81AC58AB3003ED57B /* libMSPageTab.a in Frameworks */ = {isa = PBXBuildFile; fileRef = D569E7B61AC58AB3003ED57B /* libMSPageTab.a */; };
		D569E7C01AC59DE1003ED57B /* KBView.m in Sources */ = {isa = PBXBuildFile; fileRef = D569E7BF1AC59DE1003ED57B /* KBView.m */; };
		D569E7C31AC5B27F003ED57B /* UIView+Autolayout.m in Sources */ = {isa = PBXBuildFile; fileRef = D569E7C21AC5B27F003ED57B /* UIView+Autolayout.m */; };
/* End PBXBuildFile section */

/* Begin PBXContainerItemProxy section */
		D569E7A61AC5869F003ED57B /* PBXContainerItemProxy */ = {
			isa = PBXContainerItemProxy;
			containerPortal = D569E7841AC5869F003ED57B /* Project object */;
			proxyType = 1;
			remoteGlobalIDString = D569E78B1AC5869F003ED57B;
			remoteInfo = "PageScroll-Demo";
		};
/* End PBXContainerItemProxy section */

/* Begin PBXFileReference section */
		D51556B71ACC21A400780618 /* screenflow01.gif */ = {isa = PBXFileReference; lastKnownFileType = image.gif; path = screenflow01.gif; sourceTree = "<group>"; };
		D51C80671AC6B09D00A1F3A1 /* schedule.plist */ = {isa = PBXFileReference; fileEncoding = 4; lastKnownFileType = text.plist.xml; path = schedule.plist; sourceTree = "<group>"; };
		D51C806D1AC6BC3800A1F3A1 /* 640x1136ss-80.png */ = {isa = PBXFileReference; lastKnownFileType = image.png; path = "640x1136ss-80.png"; sourceTree = "<group>"; };
		D569E78C1AC5869F003ED57B /* PageScroll-Demo.app */ = {isa = PBXFileReference; explicitFileType = wrapper.application; includeInIndex = 0; path = "PageScroll-Demo.app"; sourceTree = BUILT_PRODUCTS_DIR; };
		D569E7901AC5869F003ED57B /* Info.plist */ = {isa = PBXFileReference; lastKnownFileType = text.plist.xml; path = Info.plist; sourceTree = "<group>"; };
		D569E7911AC5869F003ED57B /* main.m */ = {isa = PBXFileReference; lastKnownFileType = sourcecode.c.objc; path = main.m; sourceTree = "<group>"; };
		D569E7931AC5869F003ED57B /* AppDelegate.h */ = {isa = PBXFileReference; lastKnownFileType = sourcecode.c.h; path = AppDelegate.h; sourceTree = "<group>"; };
		D569E7941AC5869F003ED57B /* AppDelegate.m */ = {isa = PBXFileReference; lastKnownFileType = sourcecode.c.objc; path = AppDelegate.m; sourceTree = "<group>"; };
		D569E7961AC5869F003ED57B /* ViewController.h */ = {isa = PBXFileReference; lastKnownFileType = sourcecode.c.h; path = ViewController.h; sourceTree = "<group>"; };
		D569E7971AC5869F003ED57B /* ViewController.m */ = {isa = PBXFileReference; lastKnownFileType = sourcecode.c.objc; path = ViewController.m; sourceTree = "<group>"; };
		D569E79A1AC5869F003ED57B /* Base */ = {isa = PBXFileReference; lastKnownFileType = file.storyboard; name = Base; path = Base.lproj/Main.storyboard; sourceTree = "<group>"; };
		D569E79C1AC5869F003ED57B /* Images.xcassets */ = {isa = PBXFileReference; lastKnownFileType = folder.assetcatalog; path = Images.xcassets; sourceTree = "<group>"; };
		D569E79F1AC5869F003ED57B /* Base */ = {isa = PBXFileReference; lastKnownFileType = file.xib; name = Base; path = Base.lproj/LaunchScreen.xib; sourceTree = "<group>"; };
		D569E7A51AC5869F003ED57B /* PageScroll-DemoTests.xctest */ = {isa = PBXFileReference; explicitFileType = wrapper.cfbundle; includeInIndex = 0; path = "PageScroll-DemoTests.xctest"; sourceTree = BUILT_PRODUCTS_DIR; };
		D569E7AA1AC5869F003ED57B /* Info.plist */ = {isa = PBXFileReference; lastKnownFileType = text.plist.xml; path = Info.plist; sourceTree = "<group>"; };
		D569E7AB1AC5869F003ED57B /* PageScroll_DemoTests.m */ = {isa = PBXFileReference; lastKnownFileType = sourcecode.c.objc; path = PageScroll_DemoTests.m; sourceTree = "<group>"; };
		D569E7B61AC58AB3003ED57B /* libMSPageTab.a */ = {isa = PBXFileReference; lastKnownFileType = archive.ar; path = libMSPageTab.a; sourceTree = "<group>"; };
		D569E7B71AC58AB3003ED57B /* MSTabScrollView.h */ = {isa = PBXFileReference; fileEncoding = 4; lastKnownFileType = sourcecode.c.h; path = MSTabScrollView.h; sourceTree = "<group>"; };
		D569E7BE1AC59DE1003ED57B /* KBView.h */ = {isa = PBXFileReference; fileEncoding = 4; lastKnownFileType = sourcecode.c.h; path = KBView.h; sourceTree = "<group>"; };
		D569E7BF1AC59DE1003ED57B /* KBView.m */ = {isa = PBXFileReference; fileEncoding = 4; lastKnownFileType = sourcecode.c.objc; path = KBView.m; sourceTree = "<group>"; };
		D569E7C11AC5B27F003ED57B /* UIView+Autolayout.h */ = {isa = PBXFileReference; fileEncoding = 4; lastKnownFileType = sourcecode.c.h; path = "UIView+Autolayout.h"; sourceTree = "<group>"; };
		D569E7C21AC5B27F003ED57B /* UIView+Autolayout.m */ = {isa = PBXFileReference; fileEncoding = 4; lastKnownFileType = sourcecode.c.objc; path = "UIView+Autolayout.m"; sourceTree = "<group>"; };
/* End PBXFileReference section */

/* Begin PBXFrameworksBuildPhase section */
		D569E7891AC5869F003ED57B /* Frameworks */ = {
			isa = PBXFrameworksBuildPhase;
			buildActionMask = 2147483647;
			files = (
				D569E7B81AC58AB3003ED57B /* libMSPageTab.a in Frameworks */,
			);
			runOnlyForDeploymentPostprocessing = 0;
		};
		D569E7A21AC5869F003ED57B /* Frameworks */ = {
			isa = PBXFrameworksBuildPhase;
			buildActionMask = 2147483647;
			files = (
			);
			runOnlyForDeploymentPostprocessing = 0;
		};
/* End PBXFrameworksBuildPhase section */

/* Begin PBXGroup section */
		D51C806C1AC6BC2E00A1F3A1 /* screenshot */ = {
			isa = PBXGroup;
			children = (
				D51C806D1AC6BC3800A1F3A1 /* 640x1136ss-80.png */,
				D51556B71ACC21A400780618 /* screenflow01.gif */,
			);
			path = screenshot;
			sourceTree = SOURCE_ROOT;
		};
		D569E7831AC5869F003ED57B = {
			isa = PBXGroup;
			children = (
				D569E78E1AC5869F003ED57B /* PageScroll-Demo */,
				D569E7A81AC5869F003ED57B /* PageScroll-DemoTests */,
				D569E78D1AC5869F003ED57B /* Products */,
			);
			sourceTree = "<group>";
		};
		D569E78D1AC5869F003ED57B /* Products */ = {
			isa = PBXGroup;
			children = (
				D569E78C1AC5869F003ED57B /* PageScroll-Demo.app */,
				D569E7A51AC5869F003ED57B /* PageScroll-DemoTests.xctest */,
			);
			name = Products;
			sourceTree = "<group>";
		};
		D569E78E1AC5869F003ED57B /* PageScroll-Demo */ = {
			isa = PBXGroup;
			children = (
				D569E7991AC5869F003ED57B /* Main.storyboard */,
				D569E7BA1AC59B90003ED57B /* View */,
				D569E7B91AC59B87003ED57B /* Controller */,
				D569E78F1AC5869F003ED57B /* Supporting Files */,
			);
			path = "PageScroll-Demo";
			sourceTree = "<group>";
		};
		D569E78F1AC5869F003ED57B /* Supporting Files */ = {
			isa = PBXGroup;
			children = (
				D569E7B51AC58AB3003ED57B /* MSPageScrollView */,
				D569E7931AC5869F003ED57B /* AppDelegate.h */,
				D569E7941AC5869F003ED57B /* AppDelegate.m */,
				D569E7901AC5869F003ED57B /* Info.plist */,
				D569E79C1AC5869F003ED57B /* Images.xcassets */,
				D569E79E1AC5869F003ED57B /* LaunchScreen.xib */,
				D569E7911AC5869F003ED57B /* main.m */,
				D51C806C1AC6BC2E00A1F3A1 /* screenshot */,
			);
			name = "Supporting Files";
			sourceTree = "<group>";
		};
		D569E7A81AC5869F003ED57B /* PageScroll-DemoTests */ = {
			isa = PBXGroup;
			children = (
				D569E7AB1AC5869F003ED57B /* PageScroll_DemoTests.m */,
				D569E7A91AC5869F003ED57B /* Supporting Files */,
			);
			path = "PageScroll-DemoTests";
			sourceTree = "<group>";
		};
		D569E7A91AC5869F003ED57B /* Supporting Files */ = {
			isa = PBXGroup;
			children = (
				D569E7AA1AC5869F003ED57B /* Info.plist */,
			);
			name = "Supporting Files";
			sourceTree = "<group>";
		};
		D569E7B51AC58AB3003ED57B /* MSPageScrollView */ = {
			isa = PBXGroup;
			children = (
				D569E7B61AC58AB3003ED57B /* libMSPageTab.a */,
				D569E7B71AC58AB3003ED57B /* MSTabScrollView.h */,
			);
			path = MSPageScrollView;
			sourceTree = "<group>";
		};
		D569E7B91AC59B87003ED57B /* Controller */ = {
			isa = PBXGroup;
			children = (
				D51C80671AC6B09D00A1F3A1 /* schedule.plist */,
				D569E7961AC5869F003ED57B /* ViewController.h */,
				D569E7971AC5869F003ED57B /* ViewController.m */,
			);
			name = Controller;
			sourceTree = "<group>";
		};
		D569E7BA1AC59B90003ED57B /* View */ = {
			isa = PBXGroup;
			children = (
				D569E7BE1AC59DE1003ED57B /* KBView.h */,
				D569E7BF1AC59DE1003ED57B /* KBView.m */,
				D569E7C11AC5B27F003ED57B /* UIView+Autolayout.h */,
				D569E7C21AC5B27F003ED57B /* UIView+Autolayout.m */,
			);
			name = View;
			sourceTree = "<group>";
		};
/* End PBXGroup section */

/* Begin PBXNativeTarget section */
		D569E78B1AC5869F003ED57B /* PageScroll-Demo */ = {
			isa = PBXNativeTarget;
			buildConfigurationList = D569E7AF1AC5869F003ED57B /* Build configuration list for PBXNativeTarget "PageScroll-Demo" */;
			buildPhases = (
				D569E7881AC5869F003ED57B /* Sources */,
				D569E7891AC5869F003ED57B /* Frameworks */,
				D569E78A1AC5869F003ED57B /* Resources */,
			);
			buildRules = (
			);
			dependencies = (
			);
			name = "PageScroll-Demo";
			productName = "PageScroll-Demo";
			productReference = D569E78C1AC5869F003ED57B /* PageScroll-Demo.app */;
			productType = "com.apple.product-type.application";
		};
		D569E7A41AC5869F003ED57B /* PageScroll-DemoTests */ = {
			isa = PBXNativeTarget;
			buildConfigurationList = D569E7B21AC5869F003ED57B /* Build configuration list for PBXNativeTarget "PageScroll-DemoTests" */;
			buildPhases = (
				D569E7A11AC5869F003ED57B /* Sources */,
				D569E7A21AC5869F003ED57B /* Frameworks */,
				D569E7A31AC5869F003ED57B /* Resources */,
			);
			buildRules = (
			);
			dependencies = (
				D569E7A71AC5869F003ED57B /* PBXTargetDependency */,
			);
			name = "PageScroll-DemoTests";
			productName = "PageScroll-DemoTests";
			productReference = D569E7A51AC5869F003ED57B /* PageScroll-DemoTests.xctest */;
			productType = "com.apple.product-type.bundle.unit-test";
		};
/* End PBXNativeTarget section */

/* Begin PBXProject section */
		D569E7841AC5869F003ED57B /* Project object */ = {
			isa = PBXProject;
			attributes = {
				LastUpgradeCheck = 0620;
				ORGANIZATIONNAME = PUPBOSS;
				TargetAttributes = {
					D569E78B1AC5869F003ED57B = {
						CreatedOnToolsVersion = 6.2;
					};
					D569E7A41AC5869F003ED57B = {
						CreatedOnToolsVersion = 6.2;
						TestTargetID = D569E78B1AC5869F003ED57B;
					};
				};
			};
			buildConfigurationList = D569E7871AC5869F003ED57B /* Build configuration list for PBXProject "PageScroll-Demo" */;
			compatibilityVersion = "Xcode 3.2";
			developmentRegion = English;
			hasScannedForEncodings = 0;
			knownRegions = (
				en,
				Base,
			);
			mainGroup = D569E7831AC5869F003ED57B;
			productRefGroup = D569E78D1AC5869F003ED57B /* Products */;
			projectDirPath = "";
			projectRoot = "";
			targets = (
				D569E78B1AC5869F003ED57B /* PageScroll-Demo */,
				D569E7A41AC5869F003ED57B /* PageScroll-DemoTests */,
			);
		};
/* End PBXProject section */

/* Begin PBXResourcesBuildPhase section */
		D569E78A1AC5869F003ED57B /* Resources */ = {
			isa = PBXResourcesBuildPhase;
			buildActionMask = 2147483647;
			files = (
				D569E79B1AC5869F003ED57B /* Main.storyboard in Resources */,
				D51C806E1AC6BC3800A1F3A1 /* 640x1136ss-80.png in Resources */,
				D569E7A01AC5869F003ED57B /* LaunchScreen.xib in Resources */,
				D51556B81ACC21A400780618 /* screenflow01.gif in Resources */,
				D51C80681AC6B09D00A1F3A1 /* schedule.plist in Resources */,
				D569E79D1AC5869F003ED57B /* Images.xcassets in Resources */,
			);
			runOnlyForDeploymentPostprocessing = 0;
		};
		D569E7A31AC5869F003ED57B /* Resources */ = {
			isa = PBXResourcesBuildPhase;
			buildActionMask = 2147483647;
			files = (
			);
			runOnlyForDeploymentPostprocessing = 0;
		};
/* End PBXResourcesBuildPhase section */

/* Begin PBXSourcesBuildPhase section */
		D569E7881AC5869F003ED57B /* Sources */ = {
			isa = PBXSourcesBuildPhase;
			buildActionMask = 2147483647;
			files = (
				D569E7981AC5869F003ED57B /* ViewController.m in Sources */,
				D569E7951AC5869F003ED57B /* AppDelegate.m in Sources */,
				D569E7C31AC5B27F003ED57B /* UIView+Autolayout.m in Sources */,
				D569E7921AC5869F003ED57B /* main.m in Sources */,
				D569E7C01AC59DE1003ED57B /* KBView.m in Sources */,
			);
			runOnlyForDeploymentPostprocessing = 0;
		};
		D569E7A11AC5869F003ED57B /* Sources */ = {
			isa = PBXSourcesBuildPhase;
			buildActionMask = 2147483647;
			files = (
				D569E7AC1AC5869F003ED57B /* PageScroll_DemoTests.m in Sources */,
			);
			runOnlyForDeploymentPostprocessing = 0;
		};
/* End PBXSourcesBuildPhase section */

/* Begin PBXTargetDependency section */
		D569E7A71AC5869F003ED57B /* PBXTargetDependency */ = {
			isa = PBXTargetDependency;
			target = D569E78B1AC5869F003ED57B /* PageScroll-Demo */;
			targetProxy = D569E7A61AC5869F003ED57B /* PBXContainerItemProxy */;
		};
/* End PBXTargetDependency section */

/* Begin PBXVariantGroup section */
		D569E7991AC5869F003ED57B /* Main.storyboard */ = {
			isa = PBXVariantGroup;
			children = (
				D569E79A1AC5869F003ED57B /* Base */,
			);
			name = Main.storyboard;
			sourceTree = "<group>";
		};
		D569E79E1AC5869F003ED57B /* LaunchScreen.xib */ = {
			isa = PBXVariantGroup;
			children = (
				D569E79F1AC5869F003ED57B /* Base */,
			);
			name = LaunchScreen.xib;
			sourceTree = "<group>";
		};
/* End PBXVariantGroup section */

/* Begin XCBuildConfiguration section */
		D569E7AD1AC5869F003ED57B /* Debug */ = {
			isa = XCBuildConfiguration;
			buildSettings = {
				ALWAYS_SEARCH_USER_PATHS = NO;
				CLANG_CXX_LANGUAGE_STANDARD = "gnu++0x";
				CLANG_CXX_LIBRARY = "libc++";
				CLANG_ENABLE_MODULES = YES;
				CLANG_ENABLE_OBJC_ARC = YES;
				CLANG_WARN_BOOL_CONVERSION = YES;
				CLANG_WARN_CONSTANT_CONVERSION = YES;
				CLANG_WARN_DIRECT_OBJC_ISA_USAGE = YES_ERROR;
				CLANG_WARN_EMPTY_BODY = YES;
				CLANG_WARN_ENUM_CONVERSION = YES;
				CLANG_WARN_INT_CONVERSION = YES;
				CLANG_WARN_OBJC_ROOT_CLASS = YES_ERROR;
				CLANG_WARN_UNREACHABLE_CODE = YES;
				CLANG_WARN__DUPLICATE_METHOD_MATCH = YES;
				"CODE_SIGN_IDENTITY[sdk=iphoneos*]" = "iPhone Developer";
				COPY_PHASE_STRIP = NO;
				ENABLE_STRICT_OBJC_MSGSEND = YES;
				GCC_C_LANGUAGE_STANDARD = gnu99;
				GCC_DYNAMIC_NO_PIC = NO;
				GCC_OPTIMIZATION_LEVEL = 0;
				GCC_PREPROCESSOR_DEFINITIONS = (
					"DEBUG=1",
					"$(inherited)",
				);
				GCC_SYMBOLS_PRIVATE_EXTERN = NO;
				GCC_WARN_64_TO_32_BIT_CONVERSION = YES;
				GCC_WARN_ABOUT_RETURN_TYPE = YES_ERROR;
				GCC_WARN_UNDECLARED_SELECTOR = YES;
				GCC_WARN_UNINITIALIZED_AUTOS = YES_AGGRESSIVE;
				GCC_WARN_UNUSED_FUNCTION = YES;
				GCC_WARN_UNUSED_VARIABLE = YES;
				IPHONEOS_DEPLOYMENT_TARGET = 8.2;
				MTL_ENABLE_DEBUG_INFO = YES;
				ONLY_ACTIVE_ARCH = YES;
				SDKROOT = iphoneos;
				TARGETED_DEVICE_FAMILY = "1,2";
			};
			name = Debug;
		};
		D569E7AE1AC5869F003ED57B /* Release */ = {
			isa = XCBuildConfiguration;
			buildSettings = {
				ALWAYS_SEARCH_USER_PATHS = NO;
				CLANG_CXX_LANGUAGE_STANDARD = "gnu++0x";
				CLANG_CXX_LIBRARY = "libc++";
				CLANG_ENABLE_MODULES = YES;
				CLANG_ENABLE_OBJC_ARC = YES;
				CLANG_WARN_BOOL_CONVERSION = YES;
				CLANG_WARN_CONSTANT_CONVERSION = YES;
				CLANG_WARN_DIRECT_OBJC_ISA_USAGE = YES_ERROR;
				CLANG_WARN_EMPTY_BODY = YES;
				CLANG_WARN_ENUM_CONVERSION = YES;
				CLANG_WARN_INT_CONVERSION = YES;
				CLANG_WARN_OBJC_ROOT_CLASS = YES_ERROR;
				CLANG_WARN_UNREACHABLE_CODE = YES;
				CLANG_WARN__DUPLICATE_METHOD_MATCH = YES;
				"CODE_SIGN_IDENTITY[sdk=iphoneos*]" = "iPhone Developer";
				COPY_PHASE_STRIP = NO;
				ENABLE_NS_ASSERTIONS = NO;
				ENABLE_STRICT_OBJC_MSGSEND = YES;
				GCC_C_LANGUAGE_STANDARD = gnu99;
				GCC_WARN_64_TO_32_BIT_CONVERSION = YES;
				GCC_WARN_ABOUT_RETURN_TYPE = YES_ERROR;
				GCC_WARN_UNDECLARED_SELECTOR = YES;
				GCC_WARN_UNINITIALIZED_AUTOS = YES_AGGRESSIVE;
				GCC_WARN_UNUSED_FUNCTION = YES;
				GCC_WARN_UNUSED_VARIABLE = YES;
				IPHONEOS_DEPLOYMENT_TARGET = 8.2;
				MTL_ENABLE_DEBUG_INFO = NO;
				SDKROOT = iphoneos;
				TARGETED_DEVICE_FAMILY = "1,2";
				VALIDATE_PRODUCT = YES;
			};
			name = Release;
		};
		D569E7B01AC5869F003ED57B /* Debug */ = {
			isa = XCBuildConfiguration;
			buildSettings = {
				ASSETCATALOG_COMPILER_APPICON_NAME = AppIcon;
				INFOPLIST_FILE = "PageScroll-Demo/Info.plist";
				IPHONEOS_DEPLOYMENT_TARGET = 8.0;
				LD_RUNPATH_SEARCH_PATHS = "$(inherited) @executable_path/Frameworks";
				LIBRARY_SEARCH_PATHS = (
					"$(inherited)",
					"$(PROJECT_DIR)/PageScroll-Demo/MSPageScrollView",
				);
				PRODUCT_NAME = "$(TARGET_NAME)";
			};
			name = Debug;
		};
		D569E7B11AC5869F003ED57B /* Release */ = {
			isa = XCBuildConfiguration;
			buildSettings = {
				ASSETCATALOG_COMPILER_APPICON_NAME = AppIcon;
				INFOPLIST_FILE = "PageScroll-Demo/Info.plist";
				IPHONEOS_DEPLOYMENT_TARGET = 8.0;
				LD_RUNPATH_SEARCH_PATHS = "$(inherited) @executable_path/Frameworks";
				LIBRARY_SEARCH_PATHS = (
					"$(inherited)",
					"$(PROJECT_DIR)/PageScroll-Demo/MSPageScrollView",
				);
				PRODUCT_NAME = "$(TARGET_NAME)";
			};
			name = Release;
		};
		D569E7B31AC5869F003ED57B /* Debug */ = {
			isa = XCBuildConfiguration;
			buildSettings = {
				BUNDLE_LOADER = "$(TEST_HOST)";
				FRAMEWORK_SEARCH_PATHS = (
					"$(SDKROOT)/Developer/Library/Frameworks",
					"$(inherited)",
				);
				GCC_PREPROCESSOR_DEFINITIONS = (
					"DEBUG=1",
					"$(inherited)",
				);
				INFOPLIST_FILE = "PageScroll-DemoTests/Info.plist";
				LD_RUNPATH_SEARCH_PATHS = "$(inherited) @executable_path/Frameworks @loader_path/Frameworks";
				PRODUCT_NAME = "$(TARGET_NAME)";
				TEST_HOST = "$(BUILT_PRODUCTS_DIR)/PageScroll-Demo.app/PageScroll-Demo";
			};
			name = Debug;
		};
		D569E7B41AC5869F003ED57B /* Release */ = {
			isa = XCBuildConfiguration;
			buildSettings = {
				BUNDLE_LOADER = "$(TEST_HOST)";
				FRAMEWORK_SEARCH_PATHS = (
					"$(SDKROOT)/Developer/Library/Frameworks",
					"$(inherited)",
				);
				INFOPLIST_FILE = "PageScroll-DemoTests/Info.plist";
				LD_RUNPATH_SEARCH_PATHS = "$(inherited) @executable_path/Frameworks @loader_path/Frameworks";
				PRODUCT_NAME = "$(TARGET_NAME)";
				TEST_HOST = "$(BUILT_PRODUCTS_DIR)/PageScroll-Demo.app/PageScroll-Demo";
			};
			name = Release;
		};
/* End XCBuildConfiguration section */

/* Begin XCConfigurationList section */
		D569E7871AC5869F003ED57B /* Build configuration list for PBXProject "PageScroll-Demo" */ = {
			isa = XCConfigurationList;
			buildConfigurations = (
				D569E7AD1AC5869F003ED57B /* Debug */,
				D569E7AE1AC5869F003ED57B /* Release */,
			);
			defaultConfigurationIsVisible = 0;
			defaultConfigurationName = Release;
		};
		D569E7AF1AC5869F003ED57B /* Build configuration list for PBXNativeTarget "PageScroll-Demo" */ = {
			isa = XCConfigurationList;
			buildConfigurations = (
				D569E7B01AC5869F003ED57B /* Debug */,
				D569E7B11AC5869F003ED57B /* Release */,
			);
			defaultConfigurationIsVisible = 0;
			defaultConfigurationName = Release;
		};
		D569E7B21AC5869F003ED57B /* Build configuration list for PBXNativeTarget "PageScroll-DemoTests" */ = {
			isa = XCConfigurationList;
			buildConfigurations = (
				D569E7B31AC5869F003ED57B /* Debug */,
				D569E7B41AC5869F003ED57B /* Release */,
			);
			defaultConfigurationIsVisible = 0;
			defaultConfigurationName = Release;
		};
/* End XCConfigurationList section */
	};
	rootObject = D569E7841AC5869F003ED57B /* Project object */;
}
